
Microsoft Visual Studio Solution File, Format Version 12.00
# Visual Studio Version 17
VisualStudioVersion = 17.11.35431.28
MinimumVisualStudioVersion = 10.0.40219.1
Project("{FAE04EC0-301F-11D3-BF4B-00C04F79EFBC}") = "QuickMart", "QuickMart\QuickMart.csproj", "{5061DF26-41B2-4178-A385-7119734F2DF5}"
EndProject
Project("{FAE04EC0-301F-11D3-BF4B-00C04F79EFBC}") = "DAL", "DAL\DAL.csproj", "{0557617E-A0D7-465A-91CE-6CE09639D62C}"
EndProject
Project("{FAE04EC0-301F-11D3-BF4B-00C04F79EFBC}") = "BLL", "BLL\BLL.csproj", "{93A3F3B1-2D31-4729-8988-B5D7E117467E}"
EndProject
Global
	GlobalSection(SolutionConfigurationPlatforms) = preSolution
		Debug|Any CPU = Debug|Any CPU
		Release|Any CPU = Release|Any CPU
	EndGlobalSection
	GlobalSection(ProjectConfigurationPlatforms) = postSolution
		{5061DF26-41B2-4178-A385-7119734F2DF5}.Debug|Any CPU.ActiveCfg = Debug|Any CPU
		{5061DF26-41B2-4178-A385-7119734F2DF5}.Debug|Any CPU.Build.0 = Debug|Any CPU
		{5061DF26-41B2-4178-A385-7119734F2DF5}.Release|Any CPU.ActiveCfg = Release|Any CPU
		{5061DF26-41B2-4178-A385-7119734F2DF5}.Release|Any CPU.Build.0 = Release|Any CPU
		{0557617E-A0D7-465A-91CE-6CE09639D62C}.Debug|Any CPU.ActiveCfg = Debug|Any CPU
		{0557617E-A0D7-465A-91CE-6CE09639D62C}.Debug|Any CPU.Build.0 = Debug|Any CPU
		{0557617E-A0D7-465A-91CE-6CE09639D62C}.Release|Any CPU.ActiveCfg = Release|Any CPU
		{0557617E-A0D7-465A-91CE-6CE09639D62C}.Release|Any CPU.Build.0 = Release|Any CPU
		{93A3F3B1-2D31-4729-8988-B5D7E117467E}.Debug|Any CPU.ActiveCfg = Debug|Any CPU
		{93A3F3B1-2D31-4729-8988-B5D7E117467E}.Debug|Any CPU.Build.0 = Debug|Any CPU
		{93A3F3B1-2D31-4729-8988-B5D7E117467E}.Release|Any CPU.ActiveCfg = Release|Any CPU
		{93A3F3B1-2D31-4729-8988-B5D7E117467E}.Release|Any CPU.Build.0 = Release|Any CPU
	EndGlobalSection
	GlobalSection(SolutionProperties) = preSolution
		HideSolutionNode = FALSE
	EndGlobalSection
	GlobalSection(ExtensibilityGlobals) = postSolution
		SolutionGuid = {E8C67183-9AF4-4910-B934-680E8E7BE18D}
	EndGlobalSection
EndGlobal
